
Microsoft Visual Studio Solution File, Format Version 12.00
# Visual Studio Version 16
VisualStudioVersion = 16.0.30309.148
MinimumVisualStudioVersion = 10.0.40219.1
Project("{9A19103F-16F7-4668-BE54-9A1E7A4F7556}") = "Report scraper", "Report scraper.csproj", "{EFE045E1-C0E0-40EB-9031-BEE51957CCAD}"
EndProject
Project("{FAE04EC0-301F-11D3-BF4B-00C04F79EFBC}") = "NUnitTestReportScraper", "..\NUnitTestReportScraper\NUnitTestReportScraper.csproj", "{19DAE174-0FDB-4370-949E-7338B30530DB}"
EndProject
Global
	GlobalSection(SolutionConfigurationPlatforms) = preSolution
		Debug|Any CPU = Debug|Any CPU
		Release|Any CPU = Release|Any CPU
	EndGlobalSection
	GlobalSection(ProjectConfigurationPlatforms) = postSolution
		{EFE045E1-C0E0-40EB-9031-BEE51957CCAD}.Debug|Any CPU.ActiveCfg = Debug|Any CPU
		{EFE045E1-C0E0-40EB-9031-BEE51957CCAD}.Debug|Any CPU.Build.0 = Debug|Any CPU
		{EFE045E1-C0E0-40EB-9031-BEE51957CCAD}.Release|Any CPU.ActiveCfg = Release|Any CPU
		{EFE045E1-C0E0-40EB-9031-BEE51957CCAD}.Release|Any CPU.Build.0 = Release|Any CPU
		{19DAE174-0FDB-4370-949E-7338B30530DB}.Debug|Any CPU.ActiveCfg = Debug|Any CPU
		{19DAE174-0FDB-4370-949E-7338B30530DB}.Debug|Any CPU.Build.0 = Debug|Any CPU
		{19DAE174-0FDB-4370-949E-7338B30530DB}.Release|Any CPU.ActiveCfg = Release|Any CPU
		{19DAE174-0FDB-4370-949E-7338B30530DB}.Release|Any CPU.Build.0 = Release|Any CPU
	EndGlobalSection
	GlobalSection(SolutionProperties) = preSolution
		HideSolutionNode = FALSE
	EndGlobalSection
	GlobalSection(ExtensibilityGlobals) = postSolution
		SolutionGuid = {3060F38A-439B-40B6-A571-DD27D8D39520}
	EndGlobalSection
EndGlobal
